
Microsoft Visual Studio Solution File, Format Version 12.00
# Visual Studio Version 17
VisualStudioVersion = 17.5.33516.290
MinimumVisualStudioVersion = 10.0.40219.1
Project("{8BC9CEB8-8B4A-11D0-8D11-00A0C91BC942}") = "Check if a number is a power of 2 or not", "Check if a number is a power of 2 or not\Check if a number is a power of 2 or not.vcxproj", "{ABF4B2EF-DC0A-47CC-918A-5BA92C75D99A}"
EndProject
Global
	GlobalSection(SolutionConfigurationPlatforms) = preSolution
		Debug|x64 = Debug|x64
		Debug|x86 = Debug|x86
		Release|x64 = Release|x64
		Release|x86 = Release|x86
	EndGlobalSection
	GlobalSection(ProjectConfigurationPlatforms) = postSolution
		{ABF4B2EF-DC0A-47CC-918A-5BA92C75D99A}.Debug|x64.ActiveCfg = Debug|x64
		{ABF4B2EF-DC0A-47CC-918A-5BA92C75D99A}.Debug|x64.Build.0 = Debug|x64
		{ABF4B2EF-DC0A-47CC-918A-5BA92C75D99A}.Debug|x86.ActiveCfg = Debug|Win32
		{ABF4B2EF-DC0A-47CC-918A-5BA92C75D99A}.Debug|x86.Build.0 = Debug|Win32
		{ABF4B2EF-DC0A-47CC-918A-5BA92C75D99A}.Release|x64.ActiveCfg = Release|x64
		{ABF4B2EF-DC0A-47CC-918A-5BA92C75D99A}.Release|x64.Build.0 = Release|x64
		{ABF4B2EF-DC0A-47CC-918A-5BA92C75D99A}.Release|x86.ActiveCfg = Release|Win32
		{ABF4B2EF-DC0A-47CC-918A-5BA92C75D99A}.Release|x86.Build.0 = Release|Win32
	EndGlobalSection
	GlobalSection(SolutionProperties) = preSolution
		HideSolutionNode = FALSE
	EndGlobalSection
	GlobalSection(ExtensibilityGlobals) = postSolution
		SolutionGuid = {91392DB1-621A-4C37-B31F-2654494B01F0}
	EndGlobalSection
EndGlobal
